
Microsoft Visual Studio Solution File, Format Version 12.00
# Visual Studio Version 16
VisualStudioVersion = 16.0.30204.135
MinimumVisualStudioVersion = 10.0.40219.1
Project("{FAE04EC0-301F-11D3-BF4B-00C04F79EFBC}") = "BethanysPieShop", "BethanysPieShop\BethanysPieShop.csproj", "{8E93433B-EAB5-42E5-BA24-39737142EB7A}"
EndProject
Global
	GlobalSection(SolutionConfigurationPlatforms) = preSolution
		Debug|Any CPU = Debug|Any CPU
		Release|Any CPU = Release|Any CPU
	EndGlobalSection
	GlobalSection(ProjectConfigurationPlatforms) = postSolution
		{8E93433B-EAB5-42E5-BA24-39737142EB7A}.Debug|Any CPU.ActiveCfg = Debug|Any CPU
		{8E93433B-EAB5-42E5-BA24-39737142EB7A}.Debug|Any CPU.Build.0 = Debug|Any CPU
		{8E93433B-EAB5-42E5-BA24-39737142EB7A}.Release|Any CPU.ActiveCfg = Release|Any CPU
		{8E93433B-EAB5-42E5-BA24-39737142EB7A}.Release|Any CPU.Build.0 = Release|Any CPU
	EndGlobalSection
	GlobalSection(SolutionProperties) = preSolution
		HideSolutionNode = FALSE
	EndGlobalSection
	GlobalSection(ExtensibilityGlobals) = postSolution
		SolutionGuid = {6187E090-9F05-4F5D-991F-22FF2B680A75}
	EndGlobalSection
EndGlobal
